// !$*UTF8*$!
{
	archiveVersion = 1;
	classes = {
	};
	objectVersion = 46;
	objects = {

/* Begin PBXBuildFile section */
		AFE0AEAD19362093008A77E3 /* Cocoa.framework in Frameworks */ = {isa = PBXBuildFile; fileRef = AFE0AEAC19362093008A77E3 /* Cocoa.framework */; };
		AFE0AEB719362093008A77E3 /* InfoPlist.strings in Resources */ = {isa = PBXBuildFile; fileRef = AFE0AEB519362093008A77E3 /* InfoPlist.strings */; };
		AFE0AEB919362093008A77E3 /* main.m in Sources */ = {isa = PBXBuildFile; fileRef = AFE0AEB819362093008A77E3 /* main.m */; };
		AFE0AEBD19362093008A77E3 /* Credits.rtf in Resources */ = {isa = PBXBuildFile; fileRef = AFE0AEBB19362093008A77E3 /* Credits.rtf */; };
		AFE0AEC019362093008A77E3 /* SpeakLineAppDelegate.m in Sources */ = {isa = PBXBuildFile; fileRef = AFE0AEBF19362093008A77E3 /* SpeakLineAppDelegate.m */; };
		AFE0AEC319362093008A77E3 /* MainMenu.xib in Resources */ = {isa = PBXBuildFile; fileRef = AFE0AEC119362093008A77E3 /* MainMenu.xib */; };
		AFE0AEC519362093008A77E3 /* Images.xcassets in Resources */ = {isa = PBXBuildFile; fileRef = AFE0AEC419362093008A77E3 /* Images.xcassets */; };
		AFE0AECC19362093008A77E3 /* XCTest.framework in Frameworks */ = {isa = PBXBuildFile; fileRef = AFE0AECB19362093008A77E3 /* XCTest.framework */; };
		AFE0AECD19362093008A77E3 /* Cocoa.framework in Frameworks */ = {isa = PBXBuildFile; fileRef = AFE0AEAC19362093008A77E3 /* Cocoa.framework */; };
		AFE0AED519362093008A77E3 /* InfoPlist.strings in Resources */ = {isa = PBXBuildFile; fileRef = AFE0AED319362093008A77E3 /* InfoPlist.strings */; };
		AFE0AED719362093008A77E3 /* SpeakLineTests.m in Sources */ = {isa = PBXBuildFile; fileRef = AFE0AED619362093008A77E3 /* SpeakLineTests.m */; };
/* End PBXBuildFile section */

/* Begin PBXContainerItemProxy section */
		AFE0AECE19362093008A77E3 /* PBXContainerItemProxy */ = {
			isa = PBXContainerItemProxy;
			containerPortal = AFE0AEA119362093008A77E3 /* Project object */;
			proxyType = 1;
			remoteGlobalIDString = AFE0AEA819362093008A77E3;
			remoteInfo = SpeakLine;
		};
/* End PBXContainerItemProxy section */

/* Begin PBXFileReference section */
		AFE0AEA919362093008A77E3 /* SpeakLine.app */ = {isa = PBXFileReference; explicitFileType = wrapper.application; includeInIndex = 0; path = SpeakLine.app; sourceTree = BUILT_PRODUCTS_DIR; };
		AFE0AEAC19362093008A77E3 /* Cocoa.framework */ = {isa = PBXFileReference; lastKnownFileType = wrapper.framework; name = Cocoa.framework; path = System/Library/Frameworks/Cocoa.framework; sourceTree = SDKROOT; };
		AFE0AEAF19362093008A77E3 /* AppKit.framework */ = {isa = PBXFileReference; lastKnownFileType = wrapper.framework; name = AppKit.framework; path = System/Library/Frameworks/AppKit.framework; sourceTree = SDKROOT; };
		AFE0AEB019362093008A77E3 /* CoreData.framework */ = {isa = PBXFileReference; lastKnownFileType = wrapper.framework; name = CoreData.framework; path = System/Library/Frameworks/CoreData.framework; sourceTree = SDKROOT; };
		AFE0AEB119362093008A77E3 /* Foundation.framework */ = {isa = PBXFileReference; lastKnownFileType = wrapper.framework; name = Foundation.framework; path = System/Library/Frameworks/Foundation.framework; sourceTree = SDKROOT; };
		AFE0AEB419362093008A77E3 /* SpeakLine-Info.plist */ = {isa = PBXFileReference; lastKnownFileType = text.plist.xml; path = "SpeakLine-Info.plist"; sourceTree = "<group>"; };
		AFE0AEB619362093008A77E3 /* en */ = {isa = PBXFileReference; lastKnownFileType = text.plist.strings; name = en; path = en.lproj/InfoPlist.strings; sourceTree = "<group>"; };
		AFE0AEB819362093008A77E3 /* main.m */ = {isa = PBXFileReference; lastKnownFileType = sourcecode.c.objc; path = main.m; sourceTree = "<group>"; };
		AFE0AEBA19362093008A77E3 /* SpeakLine-Prefix.pch */ = {isa = PBXFileReference; lastKnownFileType = sourcecode.c.h; path = "SpeakLine-Prefix.pch"; sourceTree = "<group>"; };
		AFE0AEBC19362093008A77E3 /* en */ = {isa = PBXFileReference; lastKnownFileType = text.rtf; name = en; path = en.lproj/Credits.rtf; sourceTree = "<group>"; };
		AFE0AEBE19362093008A77E3 /* SpeakLineAppDelegate.h */ = {isa = PBXFileReference; lastKnownFileType = sourcecode.c.h; path = SpeakLineAppDelegate.h; sourceTree = "<group>"; };
		AFE0AEBF19362093008A77E3 /* SpeakLineAppDelegate.m */ = {isa = PBXFileReference; lastKnownFileType = sourcecode.c.objc; path = SpeakLineAppDelegate.m; sourceTree = "<group>"; };
		AFE0AEC219362093008A77E3 /* Base */ = {isa = PBXFileReference; lastKnownFileType = file.xib; name = Base; path = Base.lproj/MainMenu.xib; sourceTree = "<group>"; };
		AFE0AEC419362093008A77E3 /* Images.xcassets */ = {isa = PBXFileReference; lastKnownFileType = folder.assetcatalog; path = Images.xcassets; sourceTree = "<group>"; };
		AFE0AECA19362093008A77E3 /* SpeakLineTests.xctest */ = {isa = PBXFileReference; explicitFileType = wrapper.cfbundle; includeInIndex = 0; path = SpeakLineTests.xctest; sourceTree = BUILT_PRODUCTS_DIR; };
		AFE0AECB19362093008A77E3 /* XCTest.framework */ = {isa = PBXFileReference; lastKnownFileType = wrapper.framework; name = XCTest.framework; path = Library/Frameworks/XCTest.framework; sourceTree = DEVELOPER_DIR; };
		AFE0AED219362093008A77E3 /* SpeakLineTests-Info.plist */ = {isa = PBXFileReference; lastKnownFileType = text.plist.xml; path = "SpeakLineTests-Info.plist"; sourceTree = "<group>"; };
		AFE0AED419362093008A77E3 /* en */ = {isa = PBXFileReference; lastKnownFileType = text.plist.strings; name = en; path = en.lproj/InfoPlist.strings; sourceTree = "<group>"; };
		AFE0AED619362093008A77E3 /* SpeakLineTests.m */ = {isa = PBXFileReference; lastKnownFileType = sourcecode.c.objc; path = SpeakLineTests.m; sourceTree = "<group>"; };
/* End PBXFileReference section */

/* Begin PBXFrameworksBuildPhase section */
		AFE0AEA619362093008A77E3 /* Frameworks */ = {
			isa = PBXFrameworksBuildPhase;
			buildActionMask = 2147483647;
			files = (
				AFE0AEAD19362093008A77E3 /* Cocoa.framework in Frameworks */,
			);
			runOnlyForDeploymentPostprocessing = 0;
		};
		AFE0AEC719362093008A77E3 /* Frameworks */ = {
			isa = PBXFrameworksBuildPhase;
			buildActionMask = 2147483647;
			files = (
				AFE0AECD19362093008A77E3 /* Cocoa.framework in Frameworks */,
				AFE0AECC19362093008A77E3 /* XCTest.framework in Frameworks */,
			);
			runOnlyForDeploymentPostprocessing = 0;
		};
/* End PBXFrameworksBuildPhase section */

/* Begin PBXGroup section */
		AFE0AEA019362093008A77E3 = {
			isa = PBXGroup;
			children = (
				AFE0AEB219362093008A77E3 /* SpeakLine */,
				AFE0AED019362093008A77E3 /* SpeakLineTests */,
				AFE0AEAB19362093008A77E3 /* Frameworks */,
				AFE0AEAA19362093008A77E3 /* Products */,
			);
			sourceTree = "<group>";
		};
		AFE0AEAA19362093008A77E3 /* Products */ = {
			isa = PBXGroup;
			children = (
				AFE0AEA919362093008A77E3 /* SpeakLine.app */,
				AFE0AECA19362093008A77E3 /* SpeakLineTests.xctest */,
			);
			name = Products;
			sourceTree = "<group>";
		};
		AFE0AEAB19362093008A77E3 /* Frameworks */ = {
			isa = PBXGroup;
			children = (
				AFE0AEAC19362093008A77E3 /* Cocoa.framework */,
				AFE0AECB19362093008A77E3 /* XCTest.framework */,
				AFE0AEAE19362093008A77E3 /* Other Frameworks */,
			);
			name = Frameworks;
			sourceTree = "<group>";
		};
		AFE0AEAE19362093008A77E3 /* Other Frameworks */ = {
			isa = PBXGroup;
			children = (
				AFE0AEAF19362093008A77E3 /* AppKit.framework */,
				AFE0AEB019362093008A77E3 /* CoreData.framework */,
				AFE0AEB119362093008A77E3 /* Foundation.framework */,
			);
			name = "Other Frameworks";
			sourceTree = "<group>";
		};
		AFE0AEB219362093008A77E3 /* SpeakLine */ = {
			isa = PBXGroup;
			children = (
				AFE0AEBE19362093008A77E3 /* SpeakLineAppDelegate.h */,
				AFE0AEBF19362093008A77E3 /* SpeakLineAppDelegate.m */,
				AFE0AEC119362093008A77E3 /* MainMenu.xib */,
				AFE0AEC419362093008A77E3 /* Images.xcassets */,
				AFE0AEB319362093008A77E3 /* Supporting Files */,
			);
			path = SpeakLine;
			sourceTree = "<group>";
		};
		AFE0AEB319362093008A77E3 /* Supporting Files */ = {
			isa = PBXGroup;
			children = (
				AFE0AEB419362093008A77E3 /* SpeakLine-Info.plist */,
				AFE0AEB519362093008A77E3 /* InfoPlist.strings */,
				AFE0AEB819362093008A77E3 /* main.m */,
				AFE0AEBA19362093008A77E3 /* SpeakLine-Prefix.pch */,
				AFE0AEBB19362093008A77E3 /* Credits.rtf */,
			);
			name = "Supporting Files";
			sourceTree = "<group>";
		};
		AFE0AED019362093008A77E3 /* SpeakLineTests */ = {
			isa = PBXGroup;
			children = (
				AFE0AED619362093008A77E3 /* SpeakLineTests.m */,
				AFE0AED119362093008A77E3 /* Supporting Files */,
			);
			path = SpeakLineTests;
			sourceTree = "<group>";
		};
		AFE0AED119362093008A77E3 /* Supporting Files */ = {
			isa = PBXGroup;
			children = (
				AFE0AED219362093008A77E3 /* SpeakLineTests-Info.plist */,
				AFE0AED319362093008A77E3 /* InfoPlist.strings */,
			);
			name = "Supporting Files";
			sourceTree = "<group>";
		};
/* End PBXGroup section */

/* Begin PBXNativeTarget section */
		AFE0AEA819362093008A77E3 /* SpeakLine */ = {
			isa = PBXNativeTarget;
			buildConfigurationList = AFE0AEDA19362093008A77E3 /* Build configuration list for PBXNativeTarget "SpeakLine" */;
			buildPhases = (
				AFE0AEA519362093008A77E3 /* Sources */,
				AFE0AEA619362093008A77E3 /* Frameworks */,
				AFE0AEA719362093008A77E3 /* Resources */,
			);
			buildRules = (
			);
			dependencies = (
			);
			name = SpeakLine;
			productName = SpeakLine;
			productReference = AFE0AEA919362093008A77E3 /* SpeakLine.app */;
			productType = "com.apple.product-type.application";
		};
		AFE0AEC919362093008A77E3 /* SpeakLineTests */ = {
			isa = PBXNativeTarget;
			buildConfigurationList = AFE0AEDD19362093008A77E3 /* Build configuration list for PBXNativeTarget "SpeakLineTests" */;
			buildPhases = (
				AFE0AEC619362093008A77E3 /* Sources */,
				AFE0AEC719362093008A77E3 /* Frameworks */,
				AFE0AEC819362093008A77E3 /* Resources */,
			);
			buildRules = (
			);
			dependencies = (
				AFE0AECF19362093008A77E3 /* PBXTargetDependency */,
			);
			name = SpeakLineTests;
			productName = SpeakLineTests;
			productReference = AFE0AECA19362093008A77E3 /* SpeakLineTests.xctest */;
			productType = "com.apple.product-type.bundle.unit-test";
		};
/* End PBXNativeTarget section */

/* Begin PBXProject section */
		AFE0AEA119362093008A77E3 /* Project object */ = {
			isa = PBXProject;
			attributes = {
				CLASSPREFIX = SpeakLine;
				LastUpgradeCheck = 0510;
				ORGANIZATIONNAME = bignerdranch;
				TargetAttributes = {
					AFE0AEC919362093008A77E3 = {
						TestTargetID = AFE0AEA819362093008A77E3;
					};
				};
			};
			buildConfigurationList = AFE0AEA419362093008A77E3 /* Build configuration list for PBXProject "SpeakLine" */;
			compatibilityVersion = "Xcode 3.2";
			developmentRegion = English;
			hasScannedForEncodings = 0;
			knownRegions = (
				en,
				Base,
			);
			mainGroup = AFE0AEA019362093008A77E3;
			productRefGroup = AFE0AEAA19362093008A77E3 /* Products */;
			projectDirPath = "";
			projectRoot = "";
			targets = (
				AFE0AEA819362093008A77E3 /* SpeakLine */,
				AFE0AEC919362093008A77E3 /* SpeakLineTests */,
			);
		};
/* End PBXProject section */

/* Begin PBXResourcesBuildPhase section */
		AFE0AEA719362093008A77E3 /* Resources */ = {
			isa = PBXResourcesBuildPhase;
			buildActionMask = 2147483647;
			files = (
				AFE0AEB719362093008A77E3 /* InfoPlist.strings in Resources */,
				AFE0AEC519362093008A77E3 /* Images.xcassets in Resources */,
				AFE0AEBD19362093008A77E3 /* Credits.rtf in Resources */,
				AFE0AEC319362093008A77E3 /* MainMenu.xib in Resources */,
			);
			runOnlyForDeploymentPostprocessing = 0;
		};
		AFE0AEC819362093008A77E3 /* Resources */ = {
			isa = PBXResourcesBuildPhase;
			buildActionMask = 2147483647;
			files = (
				AFE0AED519362093008A77E3 /* InfoPlist.strings in Resources */,
			);
			runOnlyForDeploymentPostprocessing = 0;
		};
/* End PBXResourcesBuildPhase section */

/* Begin PBXSourcesBuildPhase section */
		AFE0AEA519362093008A77E3 /* Sources */ = {
			isa = PBXSourcesBuildPhase;
			buildActionMask = 2147483647;
			files = (
				AFE0AEB919362093008A77E3 /* main.m in Sources */,
				AFE0AEC019362093008A77E3 /* SpeakLineAppDelegate.m in Sources */,
			);
			runOnlyForDeploymentPostprocessing = 0;
		};
		AFE0AEC619362093008A77E3 /* Sources */ = {
			isa = PBXSourcesBuildPhase;
			buildActionMask = 2147483647;
			files = (
				AFE0AED719362093008A77E3 /* SpeakLineTests.m in Sources */,
			);
			runOnlyForDeploymentPostprocessing = 0;
		};
/* End PBXSourcesBuildPhase section */

/* Begin PBXTargetDependency section */
		AFE0AECF19362093008A77E3 /* PBXTargetDependency */ = {
			isa = PBXTargetDependency;
			target = AFE0AEA819362093008A77E3 /* SpeakLine */;
			targetProxy = AFE0AECE19362093008A77E3 /* PBXContainerItemProxy */;
		};
/* End PBXTargetDependency section */

/* Begin PBXVariantGroup section */
		AFE0AEB519362093008A77E3 /* InfoPlist.strings */ = {
			isa = PBXVariantGroup;
			children = (
				AFE0AEB619362093008A77E3 /* en */,
			);
			name = InfoPlist.strings;
			sourceTree = "<group>";
		};
		AFE0AEBB19362093008A77E3 /* Credits.rtf */ = {
			isa = PBXVariantGroup;
			children = (
				AFE0AEBC19362093008A77E3 /* en */,
			);
			name = Credits.rtf;
			sourceTree = "<group>";
		};
		AFE0AEC119362093008A77E3 /* MainMenu.xib */ = {
			isa = PBXVariantGroup;
			children = (
				AFE0AEC219362093008A77E3 /* Base */,
			);
			name = MainMenu.xib;
			sourceTree = "<group>";
		};
		AFE0AED319362093008A77E3 /* InfoPlist.strings */ = {
			isa = PBXVariantGroup;
			children = (
				AFE0AED419362093008A77E3 /* en */,
			);
			name = InfoPlist.strings;
			sourceTree = "<group>";
		};
/* End PBXVariantGroup section */

/* Begin XCBuildConfiguration section */
		AFE0AED819362093008A77E3 /* Debug */ = {
			isa = XCBuildConfiguration;
			buildSettings = {
				ALWAYS_SEARCH_USER_PATHS = NO;
				CLANG_CXX_LANGUAGE_STANDARD = "gnu++0x";
				CLANG_CXX_LIBRARY = "libc++";
				CLANG_ENABLE_MODULES = YES;
				CLANG_ENABLE_OBJC_ARC = YES;
				CLANG_WARN_BOOL_CONVERSION = YES;
				CLANG_WARN_CONSTANT_CONVERSION = YES;
				CLANG_WARN_DIRECT_OBJC_ISA_USAGE = YES_ERROR;
				CLANG_WARN_EMPTY_BODY = YES;
				CLANG_WARN_ENUM_CONVERSION = YES;
				CLANG_WARN_INT_CONVERSION = YES;
				CLANG_WARN_OBJC_ROOT_CLASS = YES_ERROR;
				CLANG_WARN__DUPLICATE_METHOD_MATCH = YES;
				COPY_PHASE_STRIP = NO;
				GCC_C_LANGUAGE_STANDARD = gnu99;
				GCC_DYNAMIC_NO_PIC = NO;
				GCC_ENABLE_OBJC_EXCEPTIONS = YES;
				GCC_OPTIMIZATION_LEVEL = 0;
				GCC_PREPROCESSOR_DEFINITIONS = (
					"DEBUG=1",
					"$(inherited)",
				);
				GCC_SYMBOLS_PRIVATE_EXTERN = NO;
				GCC_WARN_64_TO_32_BIT_CONVERSION = YES;
				GCC_WARN_ABOUT_RETURN_TYPE = YES_ERROR;
				GCC_WARN_UNDECLARED_SELECTOR = YES;
				GCC_WARN_UNINITIALIZED_AUTOS = YES_AGGRESSIVE;
				GCC_WARN_UNUSED_FUNCTION = YES;
				GCC_WARN_UNUSED_VARIABLE = YES;
				MACOSX_DEPLOYMENT_TARGET = 10.9;
				ONLY_ACTIVE_ARCH = YES;
				SDKROOT = macosx;
			};
			name = Debug;
		};
		AFE0AED919362093008A77E3 /* Release */ = {
			isa = XCBuildConfiguration;
			buildSettings = {
				ALWAYS_SEARCH_USER_PATHS = NO;
				CLANG_CXX_LANGUAGE_STANDARD = "gnu++0x";
				CLANG_CXX_LIBRARY = "libc++";
				CLANG_ENABLE_MODULES = YES;
				CLANG_ENABLE_OBJC_ARC = YES;
				CLANG_WARN_BOOL_CONVERSION = YES;
				CLANG_WARN_CONSTANT_CONVERSION = YES;
				CLANG_WARN_DIRECT_OBJC_ISA_USAGE = YES_ERROR;
				CLANG_WARN_EMPTY_BODY = YES;
				CLANG_WARN_ENUM_CONVERSION = YES;
				CLANG_WARN_INT_CONVERSION = YES;
				CLANG_WARN_OBJC_ROOT_CLASS = YES_ERROR;
				CLANG_WARN__DUPLICATE_METHOD_MATCH = YES;
				COPY_PHASE_STRIP = YES;
				DEBUG_INFORMATION_FORMAT = "dwarf-with-dsym";
				ENABLE_NS_ASSERTIONS = NO;
				GCC_C_LANGUAGE_STANDARD = gnu99;
				GCC_ENABLE_OBJC_EXCEPTIONS = YES;
				GCC_WARN_64_TO_32_BIT_CONVERSION = YES;
				GCC_WARN_ABOUT_RETURN_TYPE = YES_ERROR;
				GCC_WARN_UNDECLARED_SELECTOR = YES;
				GCC_WARN_UNINITIALIZED_AUTOS = YES_AGGRESSIVE;
				GCC_WARN_UNUSED_FUNCTION = YES;
				GCC_WARN_UNUSED_VARIABLE = YES;
				MACOSX_DEPLOYMENT_TARGET = 10.9;
				SDKROOT = macosx;
			};
			name = Release;
		};
		AFE0AEDB19362093008A77E3 /* Debug */ = {
			isa = XCBuildConfiguration;
			buildSettings = {
				ASSETCATALOG_COMPILER_APPICON_NAME = AppIcon;
				COMBINE_HIDPI_IMAGES = YES;
				GCC_PRECOMPILE_PREFIX_HEADER = YES;
				GCC_PREFIX_HEADER = "SpeakLine/SpeakLine-Prefix.pch";
				INFOPLIST_FILE = "SpeakLine/SpeakLine-Info.plist";
				PRODUCT_NAME = "$(TARGET_NAME)";
				WRAPPER_EXTENSION = app;
			};
			name = Debug;
		};
		AFE0AEDC19362093008A77E3 /* Release */ = {
			isa = XCBuildConfiguration;
			buildSettings = {
				ASSETCATALOG_COMPILER_APPICON_NAME = AppIcon;
				COMBINE_HIDPI_IMAGES = YES;
				GCC_PRECOMPILE_PREFIX_HEADER = YES;
				GCC_PREFIX_HEADER = "SpeakLine/SpeakLine-Prefix.pch";
				INFOPLIST_FILE = "SpeakLine/SpeakLine-Info.plist";
				PRODUCT_NAME = "$(TARGET_NAME)";
				WRAPPER_EXTENSION = app;
			};
			name = Release;
		};
		AFE0AEDE19362093008A77E3 /* Debug */ = {
			isa = XCBuildConfiguration;
			buildSettings = {
				BUNDLE_LOADER = "$(BUILT_PRODUCTS_DIR)/SpeakLine.app/Contents/MacOS/SpeakLine";
				COMBINE_HIDPI_IMAGES = YES;
				FRAMEWORK_SEARCH_PATHS = (
					"$(DEVELOPER_FRAMEWORKS_DIR)",
					"$(inherited)",
				);
				GCC_PRECOMPILE_PREFIX_HEADER = YES;
				GCC_PREFIX_HEADER = "SpeakLine/SpeakLine-Prefix.pch";
				GCC_PREPROCESSOR_DEFINITIONS = (
					"DEBUG=1",
					"$(inherited)",
				);
				INFOPLIST_FILE = "SpeakLineTests/SpeakLineTests-Info.plist";
				PRODUCT_NAME = "$(TARGET_NAME)";
				TEST_HOST = "$(BUNDLE_LOADER)";
				WRAPPER_EXTENSION = xctest;
			};
			name = Debug;
		};
		AFE0AEDF19362093008A77E3 /* Release */ = {
			isa = XCBuildConfiguration;
			buildSettings = {
				BUNDLE_LOADER = "$(BUILT_PRODUCTS_DIR)/SpeakLine.app/Contents/MacOS/SpeakLine";
				COMBINE_HIDPI_IMAGES = YES;
				FRAMEWORK_SEARCH_PATHS = (
					"$(DEVELOPER_FRAMEWORKS_DIR)",
					"$(inherited)",
				);
				GCC_PRECOMPILE_PREFIX_HEADER = YES;
				GCC_PREFIX_HEADER = "SpeakLine/SpeakLine-Prefix.pch";
				INFOPLIST_FILE = "SpeakLineTests/SpeakLineTests-Info.plist";
				PRODUCT_NAME = "$(TARGET_NAME)";
				TEST_HOST = "$(BUNDLE_LOADER)";
				WRAPPER_EXTENSION = xctest;
			};
			name = Release;
		};
/* End XCBuildConfiguration section */

/* Begin XCConfigurationList section */
		AFE0AEA419362093008A77E3 /* Build configuration list for PBXProject "SpeakLine" */ = {
			isa = XCConfigurationList;
			buildConfigurations = (
				AFE0AED819362093008A77E3 /* Debug */,
				AFE0AED919362093008A77E3 /* Release */,
			);
			defaultConfigurationIsVisible = 0;
			defaultConfigurationName = Release;
		};
		AFE0AEDA19362093008A77E3 /* Build configuration list for PBXNativeTarget "SpeakLine" */ = {
			isa = XCConfigurationList;
			buildConfigurations = (
				AFE0AEDB19362093008A77E3 /* Debug */,
				AFE0AEDC19362093008A77E3 /* Release */,
			);
			defaultConfigurationIsVisible = 0;
		};
		AFE0AEDD19362093008A77E3 /* Build configuration list for PBXNativeTarget "SpeakLineTests" */ = {
			isa = XCConfigurationList;
			buildConfigurations = (
				AFE0AEDE19362093008A77E3 /* Debug */,
				AFE0AEDF19362093008A77E3 /* Release */,
			);
			defaultConfigurationIsVisible = 0;
		};
/* End XCConfigurationList section */
	};
	rootObject = AFE0AEA119362093008A77E3 /* Project object */;
}
